// !$*UTF8*$!
{
	archiveVersion = 1;
	classes = {
	};
	objectVersion = 48;
	objects = {

/* Begin PBXBuildFile section */
		D32D41861FFBEEDB00098E26 /* AppDelegate.swift in Sources */ = {isa = PBXBuildFile; fileRef = D32D41851FFBEEDB00098E26 /* AppDelegate.swift */; };
		D32D41881FFBEEDB00098E26 /* ViewController.swift in Sources */ = {isa = PBXBuildFile; fileRef = D32D41871FFBEEDB00098E26 /* ViewController.swift */; };
		D32D418B1FFBEEDB00098E26 /* Main.storyboard in Resources */ = {isa = PBXBuildFile; fileRef = D32D41891FFBEEDB00098E26 /* Main.storyboard */; };
		D32D418D1FFBEEDB00098E26 /* Assets.xcassets in Resources */ = {isa = PBXBuildFile; fileRef = D32D418C1FFBEEDB00098E26 /* Assets.xcassets */; };
		D32D41901FFBEEDB00098E26 /* LaunchScreen.storyboard in Resources */ = {isa = PBXBuildFile; fileRef = D32D418E1FFBEEDB00098E26 /* LaunchScreen.storyboard */; };
/* End PBXBuildFile section */

/* Begin PBXFileReference section */
		D32D41821FFBEEDB00098E26 /* Alamirfire App.app */ = {isa = PBXFileReference; explicitFileType = wrapper.application; includeInIndex = 0; path = "Alamirfire App.app"; sourceTree = BUILT_PRODUCTS_DIR; };
		D32D41851FFBEEDB00098E26 /* AppDelegate.swift */ = {isa = PBXFileReference; lastKnownFileType = sourcecode.swift; path = AppDelegate.swift; sourceTree = "<group>"; };
		D32D41871FFBEEDB00098E26 /* ViewController.swift */ = {isa = PBXFileReference; lastKnownFileType = sourcecode.swift; path = ViewController.swift; sourceTree = "<group>"; };
		D32D418A1FFBEEDB00098E26 /* Base */ = {isa = PBXFileReference; lastKnownFileType = file.storyboard; name = Base; path = Base.lproj/Main.storyboard; sourceTree = "<group>"; };
		D32D418C1FFBEEDB00098E26 /* Assets.xcassets */ = {isa = PBXFileReference; lastKnownFileType = folder.assetcatalog; path = Assets.xcassets; sourceTree = "<group>"; };
		D32D418F1FFBEEDB00098E26 /* Base */ = {isa = PBXFileReference; lastKnownFileType = file.storyboard; name = Base; path = Base.lproj/LaunchScreen.storyboard; sourceTree = "<group>"; };
		D32D41911FFBEEDB00098E26 /* Info.plist */ = {isa = PBXFileReference; lastKnownFileType = text.plist.xml; path = Info.plist; sourceTree = "<group>"; };
/* End PBXFileReference section */

/* Begin PBXFrameworksBuildPhase section */
		D32D417F1FFBEEDB00098E26 /* Frameworks */ = {
			isa = PBXFrameworksBuildPhase;
			buildActionMask = 2147483647;
			files = (
			);
			runOnlyForDeploymentPostprocessing = 0;
		};
/* End PBXFrameworksBuildPhase section */

/* Begin PBXGroup section */
		D32D41791FFBEEDB00098E26 = {
			isa = PBXGroup;
			children = (
				D32D41841FFBEEDB00098E26 /* Alamirfire App */,
				D32D41831FFBEEDB00098E26 /* Products */,
			);
			sourceTree = "<group>";
		};
		D32D41831FFBEEDB00098E26 /* Products */ = {
			isa = PBXGroup;
			children = (
				D32D41821FFBEEDB00098E26 /* Alamirfire App.app */,
			);
			name = Products;
			sourceTree = "<group>";
		};
		D32D41841FFBEEDB00098E26 /* Alamirfire App */ = {
			isa = PBXGroup;
			children = (
				D32D41851FFBEEDB00098E26 /* AppDelegate.swift */,
				D32D41871FFBEEDB00098E26 /* ViewController.swift */,
				D32D41891FFBEEDB00098E26 /* Main.storyboard */,
				D32D418C1FFBEEDB00098E26 /* Assets.xcassets */,
				D32D418E1FFBEEDB00098E26 /* LaunchScreen.storyboard */,
				D32D41911FFBEEDB00098E26 /* Info.plist */,
			);
			path = "Alamirfire App";
			sourceTree = "<group>";
		};
/* End PBXGroup section */

/* Begin PBXNativeTarget section */
		D32D41811FFBEEDB00098E26 /* Alamirfire App */ = {
			isa = PBXNativeTarget;
			buildConfigurationList = D32D41941FFBEEDB00098E26 /* Build configuration list for PBXNativeTarget "Alamirfire App" */;
			buildPhases = (
				D32D417E1FFBEEDB00098E26 /* Sources */,
				D32D417F1FFBEEDB00098E26 /* Frameworks */,
				D32D41801FFBEEDB00098E26 /* Resources */,
			);
			buildRules = (
			);
			dependencies = (
			);
			name = "Alamirfire App";
			productName = "Alamirfire App";
			productReference = D32D41821FFBEEDB00098E26 /* Alamirfire App.app */;
			productType = "com.apple.product-type.application";
		};
/* End PBXNativeTarget section */

/* Begin PBXProject section */
		D32D417A1FFBEEDB00098E26 /* Project object */ = {
			isa = PBXProject;
			attributes = {
				LastSwiftUpdateCheck = 0920;
				LastUpgradeCheck = 0920;
				ORGANIZATIONNAME = "Victor Smirnov";
				TargetAttributes = {
					D32D41811FFBEEDB00098E26 = {
						CreatedOnToolsVersion = 9.2;
						ProvisioningStyle = Automatic;
					};
				};
			};
			buildConfigurationList = D32D417D1FFBEEDB00098E26 /* Build configuration list for PBXProject "Alamirfire App" */;
			compatibilityVersion = "Xcode 8.0";
			developmentRegion = en;
			hasScannedForEncodings = 0;
			knownRegions = (
				en,
				Base,
			);
			mainGroup = D32D41791FFBEEDB00098E26;
			productRefGroup = D32D41831FFBEEDB00098E26 /* Products */;
			projectDirPath = "";
			projectRoot = "";
			targets = (
				D32D41811FFBEEDB00098E26 /* Alamirfire App */,
			);
		};
/* End PBXProject section */

/* Begin PBXResourcesBuildPhase section */
		D32D41801FFBEEDB00098E26 /* Resources */ = {
			isa = PBXResourcesBuildPhase;
			buildActionMask = 2147483647;
			files = (
				D32D41901FFBEEDB00098E26 /* LaunchScreen.storyboard in Resources */,
				D32D418D1FFBEEDB00098E26 /* Assets.xcassets in Resources */,
				D32D418B1FFBEEDB00098E26 /* Main.storyboard in Resources */,
			);
			runOnlyForDeploymentPostprocessing = 0;
		};
/* End PBXResourcesBuildPhase section */

/* Begin PBXSourcesBuildPhase section */
		D32D417E1FFBEEDB00098E26 /* Sources */ = {
			isa = PBXSourcesBuildPhase;
			buildActionMask = 2147483647;
			files = (
				D32D41881FFBEEDB00098E26 /* ViewController.swift in Sources */,
				D32D41861FFBEEDB00098E26 /* AppDelegate.swift in Sources */,
			);
			runOnlyForDeploymentPostprocessing = 0;
		};
/* End PBXSourcesBuildPhase section */

/* Begin PBXVariantGroup section */
		D32D41891FFBEEDB00098E26 /* Main.storyboard */ = {
			isa = PBXVariantGroup;
			children = (
				D32D418A1FFBEEDB00098E26 /* Base */,
			);
			name = Main.storyboard;
			sourceTree = "<group>";
		};
		D32D418E1FFBEEDB00098E26 /* LaunchScreen.storyboard */ = {
			isa = PBXVariantGroup;
			children = (
				D32D418F1FFBEEDB00098E26 /* Base */,
			);
			name = LaunchScreen.storyboard;
			sourceTree = "<group>";
		};
/* End PBXVariantGroup section */

/* Begin XCBuildConfiguration section */
		D32D41921FFBEEDB00098E26 /* Debug */ = {
			isa = XCBuildConfiguration;
			buildSettings = {
				ALWAYS_SEARCH_USER_PATHS = NO;
				CLANG_ANALYZER_NONNULL = YES;
				CLANG_ANALYZER_NUMBER_OBJECT_CONVERSION = YES_AGGRESSIVE;
				CLANG_CXX_LANGUAGE_STANDARD = "gnu++14";
				CLANG_CXX_LIBRARY = "libc++";
				CLANG_ENABLE_MODULES = YES;
				CLANG_ENABLE_OBJC_ARC = YES;
				CLANG_WARN_BLOCK_CAPTURE_AUTORELEASING = YES;
				CLANG_WARN_BOOL_CONVERSION = YES;
				CLANG_WARN_COMMA = YES;
				CLANG_WARN_CONSTANT_CONVERSION = YES;
				CLANG_WARN_DIRECT_OBJC_ISA_USAGE = YES_ERROR;
				CLANG_WARN_DOCUMENTATION_COMMENTS = YES;
				CLANG_WARN_EMPTY_BODY = YES;
				CLANG_WARN_ENUM_CONVERSION = YES;
				CLANG_WARN_INFINITE_RECURSION = YES;
				CLANG_WARN_INT_CONVERSION = YES;
				CLANG_WARN_NON_LITERAL_NULL_CONVERSION = YES;
				CLANG_WARN_OBJC_LITERAL_CONVERSION = YES;
				CLANG_WARN_OBJC_ROOT_CLASS = YES_ERROR;
				CLANG_WARN_RANGE_LOOP_ANALYSIS = YES;
				CLANG_WARN_STRICT_PROTOTYPES = YES;
				CLANG_WARN_SUSPICIOUS_MOVE = YES;
				CLANG_WARN_UNGUARDED_AVAILABILITY = YES_AGGRESSIVE;
				CLANG_WARN_UNREACHABLE_CODE = YES;
				CLANG_WARN__DUPLICATE_METHOD_MATCH = YES;
				CODE_SIGN_IDENTITY = "iPhone Developer";
				COPY_PHASE_STRIP = NO;
				DEBUG_INFORMATION_FORMAT = dwarf;
				ENABLE_STRICT_OBJC_MSGSEND = YES;
				ENABLE_TESTABILITY = YES;
				GCC_C_LANGUAGE_STANDARD = gnu11;
				GCC_DYNAMIC_NO_PIC = NO;
				GCC_NO_COMMON_BLOCKS = YES;
				GCC_OPTIMIZATION_LEVEL = 0;
				GCC_PREPROCESSOR_DEFINITIONS = (
					"DEBUG=1",
					"$(inherited)",
				);
				GCC_WARN_64_TO_32_BIT_CONVERSION = YES;
				GCC_WARN_ABOUT_RETURN_TYPE = YES_ERROR;
				GCC_WARN_UNDECLARED_SELECTOR = YES;
				GCC_WARN_UNINITIALIZED_AUTOS = YES_AGGRESSIVE;
				GCC_WARN_UNUSED_FUNCTION = YES;
				GCC_WARN_UNUSED_VARIABLE = YES;
				IPHONEOS_DEPLOYMENT_TARGET = 11.2;
				MTL_ENABLE_DEBUG_INFO = YES;
				ONLY_ACTIVE_ARCH = YES;
				SDKROOT = iphoneos;
				SWIFT_ACTIVE_COMPILATION_CONDITIONS = DEBUG;
				SWIFT_OPTIMIZATION_LEVEL = "-Onone";
			};
			name = Debug;
		};
		D32D41931FFBEEDB00098E26 /* Release */ = {
			isa = XCBuildConfiguration;
			buildSettings = {
				ALWAYS_SEARCH_USER_PATHS = NO;
				CLANG_ANALYZER_NONNULL = YES;
				CLANG_ANALYZER_NUMBER_OBJECT_CONVERSION = YES_AGGRESSIVE;
				CLANG_CXX_LANGUAGE_STANDARD = "gnu++14";
				CLANG_CXX_LIBRARY = "libc++";
				CLANG_ENABLE_MODULES = YES;
				CLANG_ENABLE_OBJC_ARC = YES;
				CLANG_WARN_BLOCK_CAPTURE_AUTORELEASING = YES;
				CLANG_WARN_BOOL_CONVERSION = YES;
				CLANG_WARN_COMMA = YES;
				CLANG_WARN_CONSTANT_CONVERSION = YES;
				CLANG_WARN_DIRECT_OBJC_ISA_USAGE = YES_ERROR;
				CLANG_WARN_DOCUMENTATION_COMMENTS = YES;
				CLANG_WARN_EMPTY_BODY = YES;
				CLANG_WARN_ENUM_CONVERSION = YES;
				CLANG_WARN_INFINITE_RECURSION = YES;
				CLANG_WARN_INT_CONVERSION = YES;
				CLANG_WARN_NON_LITERAL_NULL_CONVERSION = YES;
				CLANG_WARN_OBJC_LITERAL_CONVERSION = YES;
				CLANG_WARN_OBJC_ROOT_CLASS = YES_ERROR;
				CLANG_WARN_RANGE_LOOP_ANALYSIS = YES;
				CLANG_WARN_STRICT_PROTOTYPES = YES;
				CLANG_WARN_SUSPICIOUS_MOVE = YES;
				CLANG_WARN_UNGUARDED_AVAILABILITY = YES_AGGRESSIVE;
				CLANG_WARN_UNREACHABLE_CODE = YES;
				CLANG_WARN__DUPLICATE_METHOD_MATCH = YES;
				CODE_SIGN_IDENTITY = "iPhone Developer";
				COPY_PHASE_STRIP = NO;
				DEBUG_INFORMATION_FORMAT = "dwarf-with-dsym";
				ENABLE_NS_ASSERTIONS = NO;
				ENABLE_STRICT_OBJC_MSGSEND = YES;
				GCC_C_LANGUAGE_STANDARD = gnu11;
				GCC_NO_COMMON_BLOCKS = YES;
				GCC_WARN_64_TO_32_BIT_CONVERSION = YES;
				GCC_WARN_ABOUT_RETURN_TYPE = YES_ERROR;
				GCC_WARN_UNDECLARED_SELECTOR = YES;
				GCC_WARN_UNINITIALIZED_AUTOS = YES_AGGRESSIVE;
				GCC_WARN_UNUSED_FUNCTION = YES;
				GCC_WARN_UNUSED_VARIABLE = YES;
				IPHONEOS_DEPLOYMENT_TARGET = 11.2;
				MTL_ENABLE_DEBUG_INFO = NO;
				SDKROOT = iphoneos;
				SWIFT_OPTIMIZATION_LEVEL = "-Owholemodule";
				VALIDATE_PRODUCT = YES;
			};
			name = Release;
		};
		D32D41951FFBEEDB00098E26 /* Debug */ = {
			isa = XCBuildConfiguration;
			buildSettings = {
				ASSETCATALOG_COMPILER_APPICON_NAME = AppIcon;
				CODE_SIGN_STYLE = Automatic;
				DEVELOPMENT_TEAM = T72DS9GRKF;
				INFOPLIST_FILE = "Alamirfire App/Info.plist";
				LD_RUNPATH_SEARCH_PATHS = "$(inherited) @executable_path/Frameworks";
				PRODUCT_BUNDLE_IDENTIFIER = "vs.Alamirfire-App";
				PRODUCT_NAME = "$(TARGET_NAME)";
				SWIFT_VERSION = 4.0;
				TARGETED_DEVICE_FAMILY = "1,2";
			};
			name = Debug;
		};
		D32D41961FFBEEDB00098E26 /* Release */ = {
			isa = XCBuildConfiguration;
			buildSettings = {
				ASSETCATALOG_COMPILER_APPICON_NAME = AppIcon;
				CODE_SIGN_STYLE = Automatic;
				DEVELOPMENT_TEAM = T72DS9GRKF;
				INFOPLIST_FILE = "Alamirfire App/Info.plist";
				LD_RUNPATH_SEARCH_PATHS = "$(inherited) @executable_path/Frameworks";
				PRODUCT_BUNDLE_IDENTIFIER = "vs.Alamirfire-App";
				PRODUCT_NAME = "$(TARGET_NAME)";
				SWIFT_VERSION = 4.0;
				TARGETED_DEVICE_FAMILY = "1,2";
			};
			name = Release;
		};
/* End XCBuildConfiguration section */

/* Begin XCConfigurationList section */
		D32D417D1FFBEEDB00098E26 /* Build configuration list for PBXProject "Alamirfire App" */ = {
			isa = XCConfigurationList;
			buildConfigurations = (
				D32D41921FFBEEDB00098E26 /* Debug */,
				D32D41931FFBEEDB00098E26 /* Release */,
			);
			defaultConfigurationIsVisible = 0;
			defaultConfigurationName = Release;
		};
		D32D41941FFBEEDB00098E26 /* Build configuration list for PBXNativeTarget "Alamirfire App" */ = {
			isa = XCConfigurationList;
			buildConfigurations = (
				D32D41951FFBEEDB00098E26 /* Debug */,
				D32D41961FFBEEDB00098E26 /* Release */,
			);
			defaultConfigurationIsVisible = 0;
			defaultConfigurationName = Release;
		};
/* End XCConfigurationList section */
	};
	rootObject = D32D417A1FFBEEDB00098E26 /* Project object */;
}
